
Microsoft Visual Studio Solution File, Format Version 12.00
# Visual Studio Version 16
VisualStudioVersion = 16.0.31729.503
MinimumVisualStudioVersion = 10.0.40219.1
Project("{FAE04EC0-301F-11D3-BF4B-00C04F79EFBC}") = "AuthSystem", "AuthSystem\AuthSystem.csproj", "{E96C1174-ED26-4110-942C-96291ADDE1CB}"
EndProject
Global
	GlobalSection(SolutionConfigurationPlatforms) = preSolution
		Debug|Any CPU = Debug|Any CPU
		Release|Any CPU = Release|Any CPU
	EndGlobalSection
	GlobalSection(ProjectConfigurationPlatforms) = postSolution
		{E96C1174-ED26-4110-942C-96291ADDE1CB}.Debug|Any CPU.ActiveCfg = Debug|Any CPU
		{E96C1174-ED26-4110-942C-96291ADDE1CB}.Debug|Any CPU.Build.0 = Debug|Any CPU
		{E96C1174-ED26-4110-942C-96291ADDE1CB}.Release|Any CPU.ActiveCfg = Release|Any CPU
		{E96C1174-ED26-4110-942C-96291ADDE1CB}.Release|Any CPU.Build.0 = Release|Any CPU
	EndGlobalSection
	GlobalSection(SolutionProperties) = preSolution
		HideSolutionNode = FALSE
	EndGlobalSection
	GlobalSection(ExtensibilityGlobals) = postSolution
		SolutionGuid = {24946A46-F84E-4566-99AA-C9B09F690235}
	EndGlobalSection
EndGlobal
